
Microsoft Visual Studio Solution File, Format Version 12.00
# Visual Studio Version 17
VisualStudioVersion = 17.14.36310.24 d17.14
MinimumVisualStudioVersion = 10.0.40219.1
Project("{FAE04EC0-301F-11D3-BF4B-00C04F79EFBC}") = "PE_Sorting", "PE_Sorting\PE_Sorting.csproj", "{374608D7-67F8-4BB9-B5E6-F9501940B1F4}"
EndProject
Global
	GlobalSection(SolutionConfigurationPlatforms) = preSolution
		Debug|Any CPU = Debug|Any CPU
		Release|Any CPU = Release|Any CPU
	EndGlobalSection
	GlobalSection(ProjectConfigurationPlatforms) = postSolution
		{374608D7-67F8-4BB9-B5E6-F9501940B1F4}.Debug|Any CPU.ActiveCfg = Debug|Any CPU
		{374608D7-67F8-4BB9-B5E6-F9501940B1F4}.Debug|Any CPU.Build.0 = Debug|Any CPU
		{374608D7-67F8-4BB9-B5E6-F9501940B1F4}.Release|Any CPU.ActiveCfg = Release|Any CPU
		{374608D7-67F8-4BB9-B5E6-F9501940B1F4}.Release|Any CPU.Build.0 = Release|Any CPU
	EndGlobalSection
	GlobalSection(SolutionProperties) = preSolution
		HideSolutionNode = FALSE
	EndGlobalSection
	GlobalSection(ExtensibilityGlobals) = postSolution
		SolutionGuid = {01574416-112E-47B6-AF77-6A781F3F33D5}
	EndGlobalSection
EndGlobal
