
Microsoft Visual Studio Solution File, Format Version 12.00
# Visual Studio Version 17
VisualStudioVersion = 17.14.36511.14 d17.14
MinimumVisualStudioVersion = 10.0.40219.1
Project("{FAE04EC0-301F-11D3-BF4B-00C04F79EFBC}") = "PE_TreeExercise", "PE_TreeExercise\PE_TreeExercise.csproj", "{9E42BAF4-51C1-49E3-9D1A-82FF68C9DC7B}"
EndProject
Global
	GlobalSection(SolutionConfigurationPlatforms) = preSolution
		Debug|Any CPU = Debug|Any CPU
		Release|Any CPU = Release|Any CPU
	EndGlobalSection
	GlobalSection(ProjectConfigurationPlatforms) = postSolution
		{9E42BAF4-51C1-49E3-9D1A-82FF68C9DC7B}.Debug|Any CPU.ActiveCfg = Debug|Any CPU
		{9E42BAF4-51C1-49E3-9D1A-82FF68C9DC7B}.Debug|Any CPU.Build.0 = Debug|Any CPU
		{9E42BAF4-51C1-49E3-9D1A-82FF68C9DC7B}.Release|Any CPU.ActiveCfg = Release|Any CPU
		{9E42BAF4-51C1-49E3-9D1A-82FF68C9DC7B}.Release|Any CPU.Build.0 = Release|Any CPU
	EndGlobalSection
	GlobalSection(SolutionProperties) = preSolution
		HideSolutionNode = FALSE
	EndGlobalSection
	GlobalSection(ExtensibilityGlobals) = postSolution
		SolutionGuid = {658845AA-5719-452B-897C-95A7F5C9D854}
	EndGlobalSection
EndGlobal
