
Microsoft Visual Studio Solution File, Format Version 12.00
# Visual Studio Version 17
VisualStudioVersion = 17.14.36310.24 d17.14
MinimumVisualStudioVersion = 10.0.40219.1
Project("{FAE04EC0-301F-11D3-BF4B-00C04F79EFBC}") = "SafkoE_Proj3_Dictionary", "SafkoE_Proj3_Dictionary\SafkoE_Proj3_Dictionary.csproj", "{220C75C9-1609-4E2C-91C3-3BC1A3EB40F1}"
EndProject
Global
	GlobalSection(SolutionConfigurationPlatforms) = preSolution
		Debug|Any CPU = Debug|Any CPU
		Release|Any CPU = Release|Any CPU
	EndGlobalSection
	GlobalSection(ProjectConfigurationPlatforms) = postSolution
		{220C75C9-1609-4E2C-91C3-3BC1A3EB40F1}.Debug|Any CPU.ActiveCfg = Debug|Any CPU
		{220C75C9-1609-4E2C-91C3-3BC1A3EB40F1}.Debug|Any CPU.Build.0 = Debug|Any CPU
		{220C75C9-1609-4E2C-91C3-3BC1A3EB40F1}.Release|Any CPU.ActiveCfg = Release|Any CPU
		{220C75C9-1609-4E2C-91C3-3BC1A3EB40F1}.Release|Any CPU.Build.0 = Release|Any CPU
	EndGlobalSection
	GlobalSection(SolutionProperties) = preSolution
		HideSolutionNode = FALSE
	EndGlobalSection
	GlobalSection(ExtensibilityGlobals) = postSolution
		SolutionGuid = {D71B8C4F-D202-4BD8-8E4C-3438B2B5BDC2}
	EndGlobalSection
EndGlobal
