
Microsoft Visual Studio Solution File, Format Version 12.00
# Visual Studio Version 17
VisualStudioVersion = 17.14.36310.24 d17.14
MinimumVisualStudioVersion = 10.0.40219.1
Project("{FAE04EC0-301F-11D3-BF4B-00C04F79EFBC}") = "PE_TilesAndScrolling", "PE_TilesAndScrolling\PE_TilesAndScrolling.csproj", "{054B63FD-F040-4FD8-84BA-70136D688429}"
EndProject
Global
	GlobalSection(SolutionConfigurationPlatforms) = preSolution
		Debug|Any CPU = Debug|Any CPU
		Release|Any CPU = Release|Any CPU
	EndGlobalSection
	GlobalSection(ProjectConfigurationPlatforms) = postSolution
		{054B63FD-F040-4FD8-84BA-70136D688429}.Debug|Any CPU.ActiveCfg = Debug|Any CPU
		{054B63FD-F040-4FD8-84BA-70136D688429}.Debug|Any CPU.Build.0 = Debug|Any CPU
		{054B63FD-F040-4FD8-84BA-70136D688429}.Release|Any CPU.ActiveCfg = Release|Any CPU
		{054B63FD-F040-4FD8-84BA-70136D688429}.Release|Any CPU.Build.0 = Release|Any CPU
	EndGlobalSection
	GlobalSection(SolutionProperties) = preSolution
		HideSolutionNode = FALSE
	EndGlobalSection
	GlobalSection(ExtensibilityGlobals) = postSolution
		SolutionGuid = {C8318D06-FC93-40BC-AF1E-8CB17ACFC8F7}
	EndGlobalSection
EndGlobal
